
Microsoft Visual Studio Solution File, Format Version 12.00
# Visual Studio Version 17
VisualStudioVersion = 17.3.32929.385
MinimumVisualStudioVersion = 10.0.40219.1
Project("{888888A0-9F3D-457C-B088-3A5042F75D52}") = "AdventOfCode2022", "AdventOfCode2022\AdventOfCode2022.pyproj", "{891BAF3B-CE9A-4CCA-A89D-F10F3BD954D2}"
EndProject
Global
	GlobalSection(SolutionConfigurationPlatforms) = preSolution
		Debug|Any CPU = Debug|Any CPU
		Release|Any CPU = Release|Any CPU
	EndGlobalSection
	GlobalSection(ProjectConfigurationPlatforms) = postSolution
		{891BAF3B-CE9A-4CCA-A89D-F10F3BD954D2}.Debug|Any CPU.ActiveCfg = Debug|Any CPU
		{891BAF3B-CE9A-4CCA-A89D-F10F3BD954D2}.Release|Any CPU.ActiveCfg = Release|Any CPU
	EndGlobalSection
	GlobalSection(SolutionProperties) = preSolution
		HideSolutionNode = FALSE
	EndGlobalSection
	GlobalSection(ExtensibilityGlobals) = postSolution
		SolutionGuid = {AF45C2C5-9D6D-46E2-9468-4C79F13BBB85}
	EndGlobalSection
EndGlobal
